// !$*UTF8*$!
{
	archiveVersion = 1;
	classes = {
	};
	objectVersion = 70;
	objects = {

/* Begin PBXBuildFile section */
		55EAA83C60243BF734EACD98 /* CampScheduleWidgetExtension.appex in Embed Foundation Extensions */ = {isa = PBXBuildFile; fileRef = 53EEC6F80C674ACEBB1E2861 /* CampScheduleWidgetExtension.appex */; settings = {ATTRIBUTES = (RemoveHeadersOnCopy, ); }; };
/* End PBXBuildFile section */

/* Begin PBXContainerItemProxy section */
		A070CA4E696E6A15D58130CC /* PBXContainerItemProxy */ = {
			isa = PBXContainerItemProxy;
			containerPortal = 32A5A27611372D03002789B1 /* Project object */;
			proxyType = 1;
			remoteGlobalIDString = 5EA2CD847E89086AF19380F1;
			remoteInfo = CampScheduleWidgetExtension;
		};
/* End PBXContainerItemProxy section */

/* Begin PBXCopyFilesBuildPhase section */
		8455B9943ACA8137EA5E4795 /* Embed Foundation Extensions */ = {
			isa = PBXCopyFilesBuildPhase;
			buildActionMask = 2147483647;
			dstPath = "";
			dstSubfolderSpec = 13;
			files = (
				55EAA83C60243BF734EACD98 /* CampScheduleWidgetExtension.appex in Embed Foundation Extensions */,
			);
			name = "Embed Foundation Extensions";
			runOnlyForDeploymentPostprocessing = 0;
		};
/* End PBXCopyFilesBuildPhase section */

/* Begin PBXFileReference section */
		3576C5F8F766F7CEEA025A07 /* SummerCampSchedule.app */ = {isa = PBXFileReference; explicitFileType = wrapper.application; includeInIndex = 0; path = SummerCampSchedule.app; sourceTree = BUILT_PRODUCTS_DIR; };
		53EEC6F80C674ACEBB1E2861 /* CampScheduleWidgetExtension.appex */ = {isa = PBXFileReference; explicitFileType = "wrapper.app-extension"; includeInIndex = 0; path = CampScheduleWidgetExtension.appex; sourceTree = BUILT_PRODUCTS_DIR; };
		AD39045C3965AA544AB3BF89 /* CampScheduleTests.xctest */ = {isa = PBXFileReference; includeInIndex = 0; lastKnownFileType = wrapper.cfbundle; path = CampScheduleTests.xctest; sourceTree = BUILT_PRODUCTS_DIR; };
/* End PBXFileReference section */

/* Begin PBXFileSystemSynchronizedBuildFileExceptionSet section */
		6CCF1F1D3007F51200BFB412 /* PBXFileSystemSynchronizedBuildFileExceptionSet */ = {
			isa = PBXFileSystemSynchronizedBuildFileExceptionSet;
			membershipExceptions = (
				Info.plist,
			);
			target = 5EA2CD847E89086AF19380F1 /* CampScheduleWidgetExtension */;
		};
		6CCF1F483007F51B00BFB412 /* PBXFileSystemSynchronizedBuildFileExceptionSet */ = {
			isa = PBXFileSystemSynchronizedBuildFileExceptionSet;
			membershipExceptions = (
				Info.plist,
			);
			target = B25EFA5E656FE91B0FBAC638 /* SummerCampSchedule */;
		};
/* End PBXFileSystemSynchronizedBuildFileExceptionSet section */

/* Begin PBXFileSystemSynchronizedRootGroup section */
		6CCF1F093007F51000BFB412 /* CampScheduleTests */ = {isa = PBXFileSystemSynchronizedRootGroup; explicitFileTypes = {}; explicitFolders = (); path = CampScheduleTests; sourceTree = "<group>"; };
		6CCF1F143007F51200BFB412 /* CampScheduleWidget */ = {isa = PBXFileSystemSynchronizedRootGroup; exceptions = (6CCF1F1D3007F51200BFB412 /* PBXFileSystemSynchronizedBuildFileExceptionSet */, ); explicitFileTypes = {}; explicitFolders = (); path = CampScheduleWidget; sourceTree = "<group>"; };
		6CCF1F1F3007F51400BFB412 /* Resources */ = {isa = PBXFileSystemSynchronizedRootGroup; explicitFileTypes = {}; explicitFolders = (); path = Resources; sourceTree = "<group>"; };
		6CCF1F273007F51800BFB412 /* Shared */ = {isa = PBXFileSystemSynchronizedRootGroup; explicitFileTypes = {}; explicitFolders = (); path = Shared; sourceTree = "<group>"; };
		6CCF1F413007F51A00BFB412 /* SummerCampScheduleApp */ = {isa = PBXFileSystemSynchronizedRootGroup; exceptions = (6CCF1F483007F51B00BFB412 /* PBXFileSystemSynchronizedBuildFileExceptionSet */, ); explicitFileTypes = {}; explicitFolders = (); path = SummerCampScheduleApp; sourceTree = "<group>"; };
/* End PBXFileSystemSynchronizedRootGroup section */

/* Begin PBXGroup section */
		E20BB445596B3E09D9C944C8 /* Products */ = {
			isa = PBXGroup;
			children = (
				AD39045C3965AA544AB3BF89 /* CampScheduleTests.xctest */,
				53EEC6F80C674ACEBB1E2861 /* CampScheduleWidgetExtension.appex */,
				3576C5F8F766F7CEEA025A07 /* SummerCampSchedule.app */,
			);
			name = Products;
			sourceTree = "<group>";
		};
		F5C7DBA54B05679B0253B4B2 = {
			isa = PBXGroup;
			children = (
				6CCF1F093007F51000BFB412 /* CampScheduleTests */,
				6CCF1F143007F51200BFB412 /* CampScheduleWidget */,
				6CCF1F1F3007F51400BFB412 /* Resources */,
				6CCF1F273007F51800BFB412 /* Shared */,
				6CCF1F413007F51A00BFB412 /* SummerCampScheduleApp */,
				E20BB445596B3E09D9C944C8 /* Products */,
			);
			sourceTree = "<group>";
		};
/* End PBXGroup section */

/* Begin PBXNativeTarget section */
		46B91CB4562B5F84BD5A33FD /* CampScheduleTests */ = {
			isa = PBXNativeTarget;
			buildConfigurationList = 3421CFCC4922D45A59962B78 /* Build configuration list for PBXNativeTarget "CampScheduleTests" */;
			buildPhases = (
				4E9FEAF09D48F4668816861C /* Sources */,
			);
			buildRules = (
			);
			dependencies = (
			);
			fileSystemSynchronizedGroups = (
				6CCF1F093007F51000BFB412 /* CampScheduleTests */,
				6CCF1F273007F51800BFB412 /* Shared */,
			);
			name = CampScheduleTests;
			packageProductDependencies = (
			);
			productName = CampScheduleTests;
			productReference = AD39045C3965AA544AB3BF89 /* CampScheduleTests.xctest */;
			productType = "com.apple.product-type.bundle.unit-test";
		};
		5EA2CD847E89086AF19380F1 /* CampScheduleWidgetExtension */ = {
			isa = PBXNativeTarget;
			buildConfigurationList = C441183B5EAA20EC01555E61 /* Build configuration list for PBXNativeTarget "CampScheduleWidgetExtension" */;
			buildPhases = (
				6BC1A8443A6AE7A2E31E6FCB /* Sources */,
				73166357E4F273EA1317CB79 /* Resources */,
			);
			buildRules = (
			);
			dependencies = (
			);
			fileSystemSynchronizedGroups = (
				6CCF1F143007F51200BFB412 /* CampScheduleWidget */,
				6CCF1F1F3007F51400BFB412 /* Resources */,
				6CCF1F273007F51800BFB412 /* Shared */,
			);
			name = CampScheduleWidgetExtension;
			packageProductDependencies = (
			);
			productName = CampScheduleWidgetExtension;
			productReference = 53EEC6F80C674ACEBB1E2861 /* CampScheduleWidgetExtension.appex */;
			productType = "com.apple.product-type.app-extension";
		};
		B25EFA5E656FE91B0FBAC638 /* SummerCampSchedule */ = {
			isa = PBXNativeTarget;
			buildConfigurationList = E621E99272893E6EA898F8BD /* Build configuration list for PBXNativeTarget "SummerCampSchedule" */;
			buildPhases = (
				B3F2F53ED48D8B840526B3B7 /* Sources */,
				AD694F6BA8E35FBB44CB2512 /* Resources */,
				8455B9943ACA8137EA5E4795 /* Embed Foundation Extensions */,
			);
			buildRules = (
			);
			dependencies = (
				B8238E77B75B85045E6F4641 /* PBXTargetDependency */,
			);
			fileSystemSynchronizedGroups = (
				6CCF1F1F3007F51400BFB412 /* Resources */,
				6CCF1F273007F51800BFB412 /* Shared */,
				6CCF1F413007F51A00BFB412 /* SummerCampScheduleApp */,
			);
			name = SummerCampSchedule;
			packageProductDependencies = (
			);
			productName = SummerCampSchedule;
			productReference = 3576C5F8F766F7CEEA025A07 /* SummerCampSchedule.app */;
			productType = "com.apple.product-type.application";
		};
/* End PBXNativeTarget section */

/* Begin PBXProject section */
		32A5A27611372D03002789B1 /* Project object */ = {
			isa = PBXProject;
			attributes = {
				BuildIndependentTargetsInParallel = YES;
				LastUpgradeCheck = 2600;
				TargetAttributes = {
					46B91CB4562B5F84BD5A33FD = {
						DevelopmentTeam = "";
						ProvisioningStyle = Automatic;
					};
					5EA2CD847E89086AF19380F1 = {
						ProvisioningStyle = Automatic;
					};
					B25EFA5E656FE91B0FBAC638 = {
						ProvisioningStyle = Automatic;
					};
				};
			};
			buildConfigurationList = C01889184B8F363C7E2D2890 /* Build configuration list for PBXProject "SummerCampSchedule" */;
			compatibilityVersion = "Xcode 14.0";
			developmentRegion = en;
			hasScannedForEncodings = 0;
			knownRegions = (
				Base,
				en,
			);
			mainGroup = F5C7DBA54B05679B0253B4B2;
			minimizedProjectReferenceProxies = 1;
			projectDirPath = "";
			projectRoot = "";
			targets = (
				46B91CB4562B5F84BD5A33FD /* CampScheduleTests */,
				5EA2CD847E89086AF19380F1 /* CampScheduleWidgetExtension */,
				B25EFA5E656FE91B0FBAC638 /* SummerCampSchedule */,
			);
		};
/* End PBXProject section */

/* Begin PBXResourcesBuildPhase section */
		73166357E4F273EA1317CB79 /* Resources */ = {
			isa = PBXResourcesBuildPhase;
			buildActionMask = 2147483647;
			files = (
			);
			runOnlyForDeploymentPostprocessing = 0;
		};
		AD694F6BA8E35FBB44CB2512 /* Resources */ = {
			isa = PBXResourcesBuildPhase;
			buildActionMask = 2147483647;
			files = (
			);
			runOnlyForDeploymentPostprocessing = 0;
		};
/* End PBXResourcesBuildPhase section */

/* Begin PBXSourcesBuildPhase section */
		4E9FEAF09D48F4668816861C /* Sources */ = {
			isa = PBXSourcesBuildPhase;
			buildActionMask = 2147483647;
			files = (
			);
			runOnlyForDeploymentPostprocessing = 0;
		};
		6BC1A8443A6AE7A2E31E6FCB /* Sources */ = {
			isa = PBXSourcesBuildPhase;
			buildActionMask = 2147483647;
			files = (
			);
			runOnlyForDeploymentPostprocessing = 0;
		};
		B3F2F53ED48D8B840526B3B7 /* Sources */ = {
			isa = PBXSourcesBuildPhase;
			buildActionMask = 2147483647;
			files = (
			);
			runOnlyForDeploymentPostprocessing = 0;
		};
/* End PBXSourcesBuildPhase section */

/* Begin PBXTargetDependency section */
		B8238E77B75B85045E6F4641 /* PBXTargetDependency */ = {
			isa = PBXTargetDependency;
			target = 5EA2CD847E89086AF19380F1 /* CampScheduleWidgetExtension */;
			targetProxy = A070CA4E696E6A15D58130CC /* PBXContainerItemProxy */;
		};
/* End PBXTargetDependency section */

/* Begin XCBuildConfiguration section */
		05ECA7751EA459F4A9878FC7 /* Debug */ = {
			isa = XCBuildConfiguration;
			buildSettings = {
				ALWAYS_SEARCH_USER_PATHS = NO;
				CLANG_ANALYZER_NONNULL = YES;
				CLANG_ANALYZER_NUMBER_OBJECT_CONVERSION = YES_AGGRESSIVE;
				CLANG_CXX_LANGUAGE_STANDARD = "gnu++14";
				CLANG_CXX_LIBRARY = "libc++";
				CLANG_ENABLE_MODULES = YES;
				CLANG_ENABLE_OBJC_ARC = YES;
				CLANG_ENABLE_OBJC_WEAK = YES;
				CLANG_WARN_BLOCK_CAPTURE_AUTORELEASING = YES;
				CLANG_WARN_BOOL_CONVERSION = YES;
				CLANG_WARN_COMMA = YES;
				CLANG_WARN_CONSTANT_CONVERSION = YES;
				CLANG_WARN_DEPRECATED_OBJC_IMPLEMENTATIONS = YES;
				CLANG_WARN_DIRECT_OBJC_ISA_USAGE = YES_ERROR;
				CLANG_WARN_DOCUMENTATION_COMMENTS = YES;
				CLANG_WARN_EMPTY_BODY = YES;
				CLANG_WARN_ENUM_CONVERSION = YES;
				CLANG_WARN_INFINITE_RECURSION = YES;
				CLANG_WARN_INT_CONVERSION = YES;
				CLANG_WARN_NON_LITERAL_NULL_CONVERSION = YES;
				CLANG_WARN_OBJC_IMPLICIT_RETAIN_SELF = YES;
				CLANG_WARN_OBJC_LITERAL_CONVERSION = YES;
				CLANG_WARN_OBJC_ROOT_CLASS = YES_ERROR;
				CLANG_WARN_QUOTED_INCLUDE_IN_FRAMEWORK_HEADER = YES;
				CLANG_WARN_RANGE_LOOP_ANALYSIS = YES;
				CLANG_WARN_STRICT_PROTOTYPES = YES;
				CLANG_WARN_SUSPICIOUS_MOVE = YES;
				CLANG_WARN_UNGUARDED_AVAILABILITY = YES_AGGRESSIVE;
				CLANG_WARN_UNREACHABLE_CODE = YES;
				CLANG_WARN__DUPLICATE_METHOD_MATCH = YES;
				CODE_SIGN_STYLE = Automatic;
				COPY_PHASE_STRIP = NO;
				CURRENT_PROJECT_VERSION = 1;
				DEBUG_INFORMATION_FORMAT = dwarf;
				DEVELOPMENT_TEAM = "";
				ENABLE_STRICT_OBJC_MSGSEND = YES;
				ENABLE_TESTABILITY = YES;
				GCC_C_LANGUAGE_STANDARD = gnu11;
				GCC_DYNAMIC_NO_PIC = NO;
				GCC_NO_COMMON_BLOCKS = YES;
				GCC_OPTIMIZATION_LEVEL = 0;
				GCC_PREPROCESSOR_DEFINITIONS = (
					"$(inherited)",
					"DEBUG=1",
				);
				GCC_WARN_64_TO_32_BIT_CONVERSION = YES;
				GCC_WARN_ABOUT_RETURN_TYPE = YES_ERROR;
				GCC_WARN_UNDECLARED_SELECTOR = YES;
				GCC_WARN_UNINITIALIZED_AUTOS = YES_AGGRESSIVE;
				GCC_WARN_UNUSED_FUNCTION = YES;
				GCC_WARN_UNUSED_VARIABLE = YES;
				IPHONEOS_DEPLOYMENT_TARGET = 17.0;
				MARKETING_VERSION = 1.0;
				MTL_ENABLE_DEBUG_INFO = INCLUDE_SOURCE;
				MTL_FAST_MATH = YES;
				ONLY_ACTIVE_ARCH = YES;
				PRODUCT_NAME = "$(TARGET_NAME)";
				SDKROOT = iphoneos;
				SWIFT_ACTIVE_COMPILATION_CONDITIONS = DEBUG;
				SWIFT_OPTIMIZATION_LEVEL = "-Onone";
				SWIFT_VERSION = 5.0;
			};
			name = Debug;
		};
		552D748202B88378F258ECF6 /* Release */ = {
			isa = XCBuildConfiguration;
			buildSettings = {
				BUNDLE_LOADER = "$(TEST_HOST)";
				GENERATE_INFOPLIST_FILE = YES;
				LD_RUNPATH_SEARCH_PATHS = (
					"$(inherited)",
					"@executable_path/Frameworks",
					"@loader_path/Frameworks",
				);
				PRODUCT_BUNDLE_IDENTIFIER = com.ethanhuang13.iOSAISummerCamp2026.tests;
				SDKROOT = iphoneos;
				TARGETED_DEVICE_FAMILY = "1,2";
			};
			name = Release;
		};
		678FE2FE167723FD58227CED /* Release */ = {
			isa = XCBuildConfiguration;
			buildSettings = {
				ASSETCATALOG_COMPILER_APPICON_NAME = "";
				ASSETCATALOG_COMPILER_GLOBAL_ACCENT_COLOR_NAME = AccentColor;
				CODE_SIGN_ENTITLEMENTS = SummerCampScheduleApp/SummerCampSchedule.entitlements;
				CODE_SIGN_IDENTITY = "iPhone Developer";
				DEVELOPMENT_TEAM = LBELW947K7;
				INFOPLIST_FILE = SummerCampScheduleApp/Info.plist;
				LD_RUNPATH_SEARCH_PATHS = (
					"$(inherited)",
					"@executable_path/Frameworks",
				);
				PRODUCT_BUNDLE_IDENTIFIER = com.ethanhuang13.iOSAISummerCamp2026;
				PRODUCT_NAME = SummerCampSchedule;
				SDKROOT = iphoneos;
				TARGETED_DEVICE_FAMILY = "1,2";
			};
			name = Release;
		};
		76041A3AE58C95A7324A43F2 /* Release */ = {
			isa = XCBuildConfiguration;
			buildSettings = {
				APPLICATION_EXTENSION_API_ONLY = YES;
				ASSETCATALOG_COMPILER_GLOBAL_ACCENT_COLOR_NAME = AccentColor;
				CODE_SIGN_ENTITLEMENTS = CampScheduleWidget/CampScheduleWidget.entitlements;
				DEVELOPMENT_TEAM = LBELW947K7;
				INFOPLIST_FILE = CampScheduleWidget/Info.plist;
				LD_RUNPATH_SEARCH_PATHS = (
					"$(inherited)",
					"@executable_path/Frameworks",
					"@executable_path/../../Frameworks",
				);
				PRODUCT_BUNDLE_IDENTIFIER = com.ethanhuang13.iOSAISummerCamp2026.widget;
				PRODUCT_NAME = CampScheduleWidgetExtension;
				SDKROOT = iphoneos;
				TARGETED_DEVICE_FAMILY = "1,2";
			};
			name = Release;
		};
		B564C46049B7EABE4C01BF70 /* Release */ = {
			isa = XCBuildConfiguration;
			buildSettings = {
				ALWAYS_SEARCH_USER_PATHS = NO;
				CLANG_ANALYZER_NONNULL = YES;
				CLANG_ANALYZER_NUMBER_OBJECT_CONVERSION = YES_AGGRESSIVE;
				CLANG_CXX_LANGUAGE_STANDARD = "gnu++14";
				CLANG_CXX_LIBRARY = "libc++";
				CLANG_ENABLE_MODULES = YES;
				CLANG_ENABLE_OBJC_ARC = YES;
				CLANG_ENABLE_OBJC_WEAK = YES;
				CLANG_WARN_BLOCK_CAPTURE_AUTORELEASING = YES;
				CLANG_WARN_BOOL_CONVERSION = YES;
				CLANG_WARN_COMMA = YES;
				CLANG_WARN_CONSTANT_CONVERSION = YES;
				CLANG_WARN_DEPRECATED_OBJC_IMPLEMENTATIONS = YES;
				CLANG_WARN_DIRECT_OBJC_ISA_USAGE = YES_ERROR;
				CLANG_WARN_DOCUMENTATION_COMMENTS = YES;
				CLANG_WARN_EMPTY_BODY = YES;
				CLANG_WARN_ENUM_CONVERSION = YES;
				CLANG_WARN_INFINITE_RECURSION = YES;
				CLANG_WARN_INT_CONVERSION = YES;
				CLANG_WARN_NON_LITERAL_NULL_CONVERSION = YES;
				CLANG_WARN_OBJC_IMPLICIT_RETAIN_SELF = YES;
				CLANG_WARN_OBJC_LITERAL_CONVERSION = YES;
				CLANG_WARN_OBJC_ROOT_CLASS = YES_ERROR;
				CLANG_WARN_QUOTED_INCLUDE_IN_FRAMEWORK_HEADER = YES;
				CLANG_WARN_RANGE_LOOP_ANALYSIS = YES;
				CLANG_WARN_STRICT_PROTOTYPES = YES;
				CLANG_WARN_SUSPICIOUS_MOVE = YES;
				CLANG_WARN_UNGUARDED_AVAILABILITY = YES_AGGRESSIVE;
				CLANG_WARN_UNREACHABLE_CODE = YES;
				CLANG_WARN__DUPLICATE_METHOD_MATCH = YES;
				CODE_SIGN_STYLE = Automatic;
				COPY_PHASE_STRIP = NO;
				CURRENT_PROJECT_VERSION = 1;
				DEBUG_INFORMATION_FORMAT = "dwarf-with-dsym";
				DEVELOPMENT_TEAM = "";
				ENABLE_NS_ASSERTIONS = NO;
				ENABLE_STRICT_OBJC_MSGSEND = YES;
				GCC_C_LANGUAGE_STANDARD = gnu11;
				GCC_NO_COMMON_BLOCKS = YES;
				GCC_WARN_64_TO_32_BIT_CONVERSION = YES;
				GCC_WARN_ABOUT_RETURN_TYPE = YES_ERROR;
				GCC_WARN_UNDECLARED_SELECTOR = YES;
				GCC_WARN_UNINITIALIZED_AUTOS = YES_AGGRESSIVE;
				GCC_WARN_UNUSED_FUNCTION = YES;
				GCC_WARN_UNUSED_VARIABLE = YES;
				IPHONEOS_DEPLOYMENT_TARGET = 17.0;
				MARKETING_VERSION = 1.0;
				MTL_ENABLE_DEBUG_INFO = NO;
				MTL_FAST_MATH = YES;
				PRODUCT_NAME = "$(TARGET_NAME)";
				SDKROOT = iphoneos;
				SWIFT_COMPILATION_MODE = wholemodule;
				SWIFT_OPTIMIZATION_LEVEL = "-O";
				SWIFT_VERSION = 5.0;
			};
			name = Release;
		};
		D6C14EECAAFB941B832BD7B8 /* Debug */ = {
			isa = XCBuildConfiguration;
			buildSettings = {
				ASSETCATALOG_COMPILER_APPICON_NAME = "";
				ASSETCATALOG_COMPILER_GLOBAL_ACCENT_COLOR_NAME = AccentColor;
				CODE_SIGN_ENTITLEMENTS = SummerCampScheduleApp/SummerCampSchedule.entitlements;
				CODE_SIGN_IDENTITY = "iPhone Developer";
				DEVELOPMENT_TEAM = LBELW947K7;
				INFOPLIST_FILE = SummerCampScheduleApp/Info.plist;
				LD_RUNPATH_SEARCH_PATHS = (
					"$(inherited)",
					"@executable_path/Frameworks",
				);
				PRODUCT_BUNDLE_IDENTIFIER = com.ethanhuang13.iOSAISummerCamp2026;
				PRODUCT_NAME = SummerCampSchedule;
				SDKROOT = iphoneos;
				TARGETED_DEVICE_FAMILY = "1,2";
			};
			name = Debug;
		};
		EFAAE2DF15EBE652002818EF /* Debug */ = {
			isa = XCBuildConfiguration;
			buildSettings = {
				BUNDLE_LOADER = "$(TEST_HOST)";
				GENERATE_INFOPLIST_FILE = YES;
				LD_RUNPATH_SEARCH_PATHS = (
					"$(inherited)",
					"@executable_path/Frameworks",
					"@loader_path/Frameworks",
				);
				PRODUCT_BUNDLE_IDENTIFIER = com.ethanhuang13.iOSAISummerCamp2026.tests;
				SDKROOT = iphoneos;
				TARGETED_DEVICE_FAMILY = "1,2";
			};
			name = Debug;
		};
		FC509BDC48A5F075D9A6DA65 /* Debug */ = {
			isa = XCBuildConfiguration;
			buildSettings = {
				APPLICATION_EXTENSION_API_ONLY = YES;
				ASSETCATALOG_COMPILER_GLOBAL_ACCENT_COLOR_NAME = AccentColor;
				CODE_SIGN_ENTITLEMENTS = CampScheduleWidget/CampScheduleWidget.entitlements;
				DEVELOPMENT_TEAM = LBELW947K7;
				INFOPLIST_FILE = CampScheduleWidget/Info.plist;
				LD_RUNPATH_SEARCH_PATHS = (
					"$(inherited)",
					"@executable_path/Frameworks",
					"@executable_path/../../Frameworks",
				);
				PRODUCT_BUNDLE_IDENTIFIER = com.ethanhuang13.iOSAISummerCamp2026.widget;
				PRODUCT_NAME = CampScheduleWidgetExtension;
				SDKROOT = iphoneos;
				TARGETED_DEVICE_FAMILY = "1,2";
			};
			name = Debug;
		};
/* End XCBuildConfiguration section */

/* Begin XCConfigurationList section */
		3421CFCC4922D45A59962B78 /* Build configuration list for PBXNativeTarget "CampScheduleTests" */ = {
			isa = XCConfigurationList;
			buildConfigurations = (
				EFAAE2DF15EBE652002818EF /* Debug */,
				552D748202B88378F258ECF6 /* Release */,
			);
			defaultConfigurationIsVisible = 0;
			defaultConfigurationName = Debug;
		};
		C01889184B8F363C7E2D2890 /* Build configuration list for PBXProject "SummerCampSchedule" */ = {
			isa = XCConfigurationList;
			buildConfigurations = (
				05ECA7751EA459F4A9878FC7 /* Debug */,
				B564C46049B7EABE4C01BF70 /* Release */,
			);
			defaultConfigurationIsVisible = 0;
			defaultConfigurationName = Debug;
		};
		C441183B5EAA20EC01555E61 /* Build configuration list for PBXNativeTarget "CampScheduleWidgetExtension" */ = {
			isa = XCConfigurationList;
			buildConfigurations = (
				FC509BDC48A5F075D9A6DA65 /* Debug */,
				76041A3AE58C95A7324A43F2 /* Release */,
			);
			defaultConfigurationIsVisible = 0;
			defaultConfigurationName = Debug;
		};
		E621E99272893E6EA898F8BD /* Build configuration list for PBXNativeTarget "SummerCampSchedule" */ = {
			isa = XCConfigurationList;
			buildConfigurations = (
				D6C14EECAAFB941B832BD7B8 /* Debug */,
				678FE2FE167723FD58227CED /* Release */,
			);
			defaultConfigurationIsVisible = 0;
			defaultConfigurationName = Debug;
		};
/* End XCConfigurationList section */
	};
	rootObject = 32A5A27611372D03002789B1 /* Project object */;
}
